
Microsoft Visual Studio Solution File, Format Version 12.00
# Visual Studio 15
VisualStudioVersion = 15.0.28307.960
MinimumVisualStudioVersion = 10.0.40219.1
Project("{888888A0-9F3D-457C-B088-3A5042F75D52}") = "PythonTradingAPI", "PythonTradingAPI\PythonTradingAPI.pyproj", "{BEC2980A-E552-4840-A9FA-1DD1914FB8B2}"
EndProject
Global
	GlobalSection(SolutionConfigurationPlatforms) = preSolution
		Debug|Any CPU = Debug|Any CPU
		Release|Any CPU = Release|Any CPU
	EndGlobalSection
	GlobalSection(ProjectConfigurationPlatforms) = postSolution
		{BEC2980A-E552-4840-A9FA-1DD1914FB8B2}.Debug|Any CPU.ActiveCfg = Debug|Any CPU
		{BEC2980A-E552-4840-A9FA-1DD1914FB8B2}.Release|Any CPU.ActiveCfg = Release|Any CPU
	EndGlobalSection
	GlobalSection(SolutionProperties) = preSolution
		HideSolutionNode = FALSE
	EndGlobalSection
	GlobalSection(ExtensibilityGlobals) = postSolution
		SolutionGuid = {7B8BC1AF-C15A-40FB-B2C5-F4A6D4069358}
	EndGlobalSection
EndGlobal
